schema: '2.0'
stages:
  data_ingestion:
    cmd: uv run src/fraud_detection/data_ingestion.py
    deps:
    - path: src/fraud_detection/data_ingestion.py
      hash: md5
      md5: 339abb71dcb7a94a52167229fdd86dc9
      size: 22189
    - path: src/fraud_detection/feature_schema.py
      hash: md5
      md5: f412ca40d8987fa7956edcdd23dff11c
      size: 1014
    - path: src/fraud_detection/paths.py
      hash: md5
      md5: 7dea6fffad469c03f645ac3124595f4e
      size: 1652
    params:
      configs/params.yaml:
        data_ingestion.n_tx: 1000000
        data_ingestion.n_users: 5000
        data_ingestion.seed: 42
    outs:
    - path: data/simulated/simulated_transactions_seed_42.csv
      hash: md5
      md5: cc2088e0b6fbd5c4102541b9b9643464
      size: 180020358
  feature_engineering:
    cmd: uv run src/fraud_detection/feature_engineering.py
    deps:
    - path: data/simulated/simulated_transactions_seed_42.csv
      hash: md5
      md5: cc2088e0b6fbd5c4102541b9b9643464
      size: 180020358
    - path: src/fraud_detection/feature_engineering.py
      hash: md5
      md5: 8cbe28e9866218a7a2c476b697dbc323
      size: 15481
    - path: src/fraud_detection/feature_schema.py
      hash: md5
      md5: f412ca40d8987fa7956edcdd23dff11c
      size: 1014
    - path: src/fraud_detection/geo.py
      hash: md5
      md5: d8678cb296e673cf070d9247aa1f0799
      size: 527
    - path: src/fraud_detection/naming.py
      hash: md5
      md5: e6bb256f0b575c8b4470c6ec9ea80a7e
      size: 548
    - path: src/fraud_detection/paths.py
      hash: md5
      md5: 7dea6fffad469c03f645ac3124595f4e
      size: 1652
    params:
      configs/params.yaml:
        data_ingestion.seed: 42
        feature_engineering.min_hours_between_tx: 0.001
        feature_engineering.rolling_window: 24h
        feature_engineering.test_size: 0.2
    outs:
    - path: data/features/fraud_features_test_seed_42.csv
      hash: md5
      md5: 48660f4d42f8a17ffc8181d4f99abfdd
      size: 144208829
    - path: data/features/fraud_features_train_seed_42.csv
      hash: md5
      md5: 9eac5bc4f48c03dbf2f1781386478039
      size: 24617454
