schema: '2.0'
stages:
  data_ingestion:
    cmd: uv run src/fraud_detection/data_ingestion.py
    deps:
    - path: src/fraud_detection/data_ingestion.py
      hash: md5
      md5: 339abb71dcb7a94a52167229fdd86dc9
      size: 22189
    - path: src/fraud_detection/feature_schema.py
      hash: md5
      md5: f412ca40d8987fa7956edcdd23dff11c
      size: 1014
    - path: src/fraud_detection/paths.py
      hash: md5
      md5: 7dea6fffad469c03f645ac3124595f4e
      size: 1652
    params:
      configs/params.yaml:
        data_ingestion.n_tx: 10000
        data_ingestion.n_users: 500
        data_ingestion.seed: 42
    outs:
    - path: data/simulated/simulated_transactions_seed_42.csv
      hash: md5
      md5: 69c8be17e6de1d2f5fb66db03e1fd886
      size: 1780014
  feature_engineering:
    cmd: uv run src/fraud_detection/feature_engineering.py
    deps:
    - path: data/simulated/simulated_transactions_seed_42.csv
      hash: md5
      md5: 69c8be17e6de1d2f5fb66db03e1fd886
      size: 1780014
    - path: src/fraud_detection/feature_engineering.py
      hash: md5
      md5: 6d16b212d93f281b7e13c59765a8ea8c
      size: 15148
    - path: src/fraud_detection/feature_schema.py
      hash: md5
      md5: f412ca40d8987fa7956edcdd23dff11c
      size: 1014
    - path: src/fraud_detection/geo.py
      hash: md5
      md5: d8678cb296e673cf070d9247aa1f0799
      size: 527
    - path: src/fraud_detection/naming.py
      hash: md5
      md5: e6bb256f0b575c8b4470c6ec9ea80a7e
      size: 548
    - path: src/fraud_detection/paths.py
      hash: md5
      md5: 7dea6fffad469c03f645ac3124595f4e
      size: 1652
    params:
      configs/params.yaml:
        data_ingestion.seed: 42
        feature_engineering.min_hours_between_tx: 0.001
        feature_engineering.rolling_window: 24h
        feature_engineering.test_size: 0.2
    outs:
    - path: data/features/fraud_features_test_seed_42.csv
      hash: md5
      md5: 8e277f9678f444f11815a64396ce12b3
      size: 1424051
    - path: data/features/fraud_features_train_seed_42.csv
      hash: md5
      md5: 762693fa1b0939970af108385de2e8e6
      size: 232373
  model_training:
    cmd: uv run src/fraud_detection/model_training.py
    deps:
    - path: data/features/fraud_features_test_seed_42.csv
      hash: md5
      md5: 8e277f9678f444f11815a64396ce12b3
      size: 1424051
    - path: data/features/fraud_features_train_seed_42.csv
      hash: md5
      md5: 762693fa1b0939970af108385de2e8e6
      size: 232373
    - path: src/fraud_detection/model_training.py
      hash: md5
      md5: 6ca64d8f968cf19ea12611a634f5bc3a
      size: 15757
    - path: src/fraud_detection/naming.py
      hash: md5
      md5: e6bb256f0b575c8b4470c6ec9ea80a7e
      size: 548
    - path: src/fraud_detection/paths.py
      hash: md5
      md5: 7dea6fffad469c03f645ac3124595f4e
      size: 1652
    params:
      configs/hyperparams.yaml:
        models:
          LogisticRegression:
            type: LogisticRegression
            enabled: true
            params:
              penalty:
              - l1
              - l2
              C:
              - 0.01
              - 0.1
              - 1.0
              - 10.0
              solver:
              - liblinear
              class_weight:
              - balanced
              max_iter:
              - 1000
              n_jobs:
              - -1
          RandomForest:
            type: RandomForestClassifier
            enabled: true
            params:
              n_estimators:
              - 500
              - 1000
              - 1500
              class_weight:
              - balanced
              - balanced_subsample
              max_depth:
              - 10
              - 15
              min_samples_leaf:
              - 10
              - 15
              max_features:
              - sqrt
              - log2
              bootstrap:
              - true
              n_jobs:
              - -1
          XGBoost:
            type: XGBClassifier
            enabled: true
            params:
              scale_pos_weight:
              - 284.71
              max_depth:
              - 3
              - 6
              min_child_weight:
              - 10
              - 15
              gamma:
              - 1.5
              - 2.0
              lambda:
              - 2.0
              - 3.0
              alpha:
              - 0.5
              - 1.0
              subsample:
              - 0.7
              - 0.8
              - 0.9
              colsample_bytree:
              - 0.8
              learning_rate:
              - 0.01
              n_estimators:
              - 500
              - 1000
              - 1500
              tree_method:
              - approx
              - auto
              - exact
              - hist
      configs/params.yaml:
        data_ingestion.seed: 42
    outs:
    - path: artifacts/model_paths/model_paths_42.json
      hash: md5
      md5: ac5a23db284039789d5d27ec24cc6935
      size: 372
  threshold_optimization:
    cmd: uv run src/fraud_detection/threshold_optimization.py
